
Microsoft Visual Studio Solution File, Format Version 12.00
# Visual Studio 15
VisualStudioVersion = 15.0.28010.0
MinimumVisualStudioVersion = 10.0.40219.1
Project("{9A19103F-16F7-4668-BE54-9A1E7A4F7556}") = "Hikari", "Hikari\Hikari.csproj", "{6B3BB1E8-CC33-40F7-9BC4-38811F4FF794}"
EndProject
Project("{FAE04EC0-301F-11D3-BF4B-00C04F79EFBC}") = "ConsoleApp1", "ConsoleApp1\ConsoleApp1.csproj", "{3FD4C49B-F826-4DDA-AAF0-DE503DB00C41}"
EndProject
Project("{9A19103F-16F7-4668-BE54-9A1E7A4F7556}") = "Hikari.Integration.Models", "Hikari.Integration.Models\Hikari.Integration.Models.csproj", "{77510F36-8D22-48F6-8897-7A5EDAABB94A}"
EndProject
Project("{FAE04EC0-301F-11D3-BF4B-00C04F79EFBC}") = "ConsoleApp2", "ConsoleApp2\ConsoleApp2.csproj", "{4D3C82CE-7378-4DBF-91CE-C31D88490B7F}"
EndProject
Project("{9A19103F-16F7-4668-BE54-9A1E7A4F7556}") = "Hikari.Integration.Models.Core", "Hikari.Integration.Models.Core\Hikari.Integration.Models.Core.csproj", "{70AB416C-9C20-47CD-B04C-3423C2FBAC0E}"
EndProject
Project("{9A19103F-16F7-4668-BE54-9A1E7A4F7556}") = "ConsoleApp3", "ConsoleApp3\ConsoleApp3.csproj", "{ECEDCCA4-A08D-4E2A-8C33-555CC3F12143}"
EndProject
Project("{FAE04EC0-301F-11D3-BF4B-00C04F79EFBC}") = "Hikari.Integration.Models.Emit", "Hikari.Integration.Models.Emit\Hikari.Integration.Models.Emit.csproj", "{6571FC6D-71BE-4D9E-A1F1-A28844D7AC69}"
EndProject
Project("{FAE04EC0-301F-11D3-BF4B-00C04F79EFBC}") = "HikariAPI", "HikariAPI\HikariAPI.csproj", "{80545F83-7DA0-429C-A723-A3DAFE83F9B7}"
EndProject
Project("{FAE04EC0-301F-11D3-BF4B-00C04F79EFBC}") = "ConsoleApp4", "ConsoleApp4\ConsoleApp4.csproj", "{7C5DB39B-2297-43FE-A083-F4FE650CA0CB}"
EndProject
Global
	GlobalSection(SolutionConfigurationPlatforms) = preSolution
		Debug|Any CPU = Debug|Any CPU
		Release|Any CPU = Release|Any CPU
	EndGlobalSection
	GlobalSection(ProjectConfigurationPlatforms) = postSolution
		{6B3BB1E8-CC33-40F7-9BC4-38811F4FF794}.Debug|Any CPU.ActiveCfg = Debug|Any CPU
		{6B3BB1E8-CC33-40F7-9BC4-38811F4FF794}.Debug|Any CPU.Build.0 = Debug|Any CPU
		{6B3BB1E8-CC33-40F7-9BC4-38811F4FF794}.Release|Any CPU.ActiveCfg = Release|Any CPU
		{6B3BB1E8-CC33-40F7-9BC4-38811F4FF794}.Release|Any CPU.Build.0 = Release|Any CPU
		{3FD4C49B-F826-4DDA-AAF0-DE503DB00C41}.Debug|Any CPU.ActiveCfg = Debug|Any CPU
		{3FD4C49B-F826-4DDA-AAF0-DE503DB00C41}.Debug|Any CPU.Build.0 = Debug|Any CPU
		{3FD4C49B-F826-4DDA-AAF0-DE503DB00C41}.Release|Any CPU.ActiveCfg = Release|Any CPU
		{3FD4C49B-F826-4DDA-AAF0-DE503DB00C41}.Release|Any CPU.Build.0 = Release|Any CPU
		{77510F36-8D22-48F6-8897-7A5EDAABB94A}.Debug|Any CPU.ActiveCfg = Debug|Any CPU
		{77510F36-8D22-48F6-8897-7A5EDAABB94A}.Debug|Any CPU.Build.0 = Debug|Any CPU
		{77510F36-8D22-48F6-8897-7A5EDAABB94A}.Release|Any CPU.ActiveCfg = Release|Any CPU
		{77510F36-8D22-48F6-8897-7A5EDAABB94A}.Release|Any CPU.Build.0 = Release|Any CPU
		{4D3C82CE-7378-4DBF-91CE-C31D88490B7F}.Debug|Any CPU.ActiveCfg = Debug|Any CPU
		{4D3C82CE-7378-4DBF-91CE-C31D88490B7F}.Debug|Any CPU.Build.0 = Debug|Any CPU
		{4D3C82CE-7378-4DBF-91CE-C31D88490B7F}.Release|Any CPU.ActiveCfg = Release|Any CPU
		{4D3C82CE-7378-4DBF-91CE-C31D88490B7F}.Release|Any CPU.Build.0 = Release|Any CPU
		{70AB416C-9C20-47CD-B04C-3423C2FBAC0E}.Debug|Any CPU.ActiveCfg = Debug|Any CPU
		{70AB416C-9C20-47CD-B04C-3423C2FBAC0E}.Debug|Any CPU.Build.0 = Debug|Any CPU
		{70AB416C-9C20-47CD-B04C-3423C2FBAC0E}.Release|Any CPU.ActiveCfg = Release|Any CPU
		{70AB416C-9C20-47CD-B04C-3423C2FBAC0E}.Release|Any CPU.Build.0 = Release|Any CPU
		{ECEDCCA4-A08D-4E2A-8C33-555CC3F12143}.Debug|Any CPU.ActiveCfg = Debug|Any CPU
		{ECEDCCA4-A08D-4E2A-8C33-555CC3F12143}.Debug|Any CPU.Build.0 = Debug|Any CPU
		{ECEDCCA4-A08D-4E2A-8C33-555CC3F12143}.Release|Any CPU.ActiveCfg = Release|Any CPU
		{ECEDCCA4-A08D-4E2A-8C33-555CC3F12143}.Release|Any CPU.Build.0 = Release|Any CPU
		{6571FC6D-71BE-4D9E-A1F1-A28844D7AC69}.Debug|Any CPU.ActiveCfg = Debug|Any CPU
		{6571FC6D-71BE-4D9E-A1F1-A28844D7AC69}.Debug|Any CPU.Build.0 = Debug|Any CPU
		{6571FC6D-71BE-4D9E-A1F1-A28844D7AC69}.Release|Any CPU.ActiveCfg = Release|Any CPU
		{6571FC6D-71BE-4D9E-A1F1-A28844D7AC69}.Release|Any CPU.Build.0 = Release|Any CPU
		{80545F83-7DA0-429C-A723-A3DAFE83F9B7}.Debug|Any CPU.ActiveCfg = Debug|Any CPU
		{80545F83-7DA0-429C-A723-A3DAFE83F9B7}.Debug|Any CPU.Build.0 = Debug|Any CPU
		{80545F83-7DA0-429C-A723-A3DAFE83F9B7}.Release|Any CPU.ActiveCfg = Release|Any CPU
		{80545F83-7DA0-429C-A723-A3DAFE83F9B7}.Release|Any CPU.Build.0 = Release|Any CPU
		{7C5DB39B-2297-43FE-A083-F4FE650CA0CB}.Debug|Any CPU.ActiveCfg = Debug|Any CPU
		{7C5DB39B-2297-43FE-A083-F4FE650CA0CB}.Debug|Any CPU.Build.0 = Debug|Any CPU
		{7C5DB39B-2297-43FE-A083-F4FE650CA0CB}.Release|Any CPU.ActiveCfg = Release|Any CPU
		{7C5DB39B-2297-43FE-A083-F4FE650CA0CB}.Release|Any CPU.Build.0 = Release|Any CPU
	EndGlobalSection
	GlobalSection(SolutionProperties) = preSolution
		HideSolutionNode = FALSE
	EndGlobalSection
	GlobalSection(ExtensibilityGlobals) = postSolution
		SolutionGuid = {951E65EC-8BE1-4166-B294-3D2B387102E4}
	EndGlobalSection
EndGlobal
