
Microsoft Visual Studio Solution File, Format Version 12.00
# Visual Studio 15
VisualStudioVersion = 15.0.28010.0
MinimumVisualStudioVersion = 10.0.40219.1
Project("{9A19103F-16F7-4668-BE54-9A1E7A4F7556}") = "Hikari", "Hikari\Hikari.csproj", "{6B3BB1E8-CC33-40F7-9BC4-38811F4FF794}"
EndProject
Project("{FAE04EC0-301F-11D3-BF4B-00C04F79EFBC}") = "ConsoleApp1", "ConsoleApp1\ConsoleApp1.csproj", "{3FD4C49B-F826-4DDA-AAF0-DE503DB00C41}"
EndProject
Global
	GlobalSection(SolutionConfigurationPlatforms) = preSolution
		Debug|Any CPU = Debug|Any CPU
		Release|Any CPU = Release|Any CPU
	EndGlobalSection
	GlobalSection(ProjectConfigurationPlatforms) = postSolution
		{6B3BB1E8-CC33-40F7-9BC4-38811F4FF794}.Debug|Any CPU.ActiveCfg = Debug|Any CPU
		{6B3BB1E8-CC33-40F7-9BC4-38811F4FF794}.Debug|Any CPU.Build.0 = Debug|Any CPU
		{6B3BB1E8-CC33-40F7-9BC4-38811F4FF794}.Release|Any CPU.ActiveCfg = Release|Any CPU
		{6B3BB1E8-CC33-40F7-9BC4-38811F4FF794}.Release|Any CPU.Build.0 = Release|Any CPU
		{3FD4C49B-F826-4DDA-AAF0-DE503DB00C41}.Debug|Any CPU.ActiveCfg = Debug|Any CPU
		{3FD4C49B-F826-4DDA-AAF0-DE503DB00C41}.Debug|Any CPU.Build.0 = Debug|Any CPU
		{3FD4C49B-F826-4DDA-AAF0-DE503DB00C41}.Release|Any CPU.ActiveCfg = Release|Any CPU
		{3FD4C49B-F826-4DDA-AAF0-DE503DB00C41}.Release|Any CPU.Build.0 = Release|Any CPU
	EndGlobalSection
	GlobalSection(SolutionProperties) = preSolution
		HideSolutionNode = FALSE
	EndGlobalSection
	GlobalSection(ExtensibilityGlobals) = postSolution
		SolutionGuid = {951E65EC-8BE1-4166-B294-3D2B387102E4}
	EndGlobalSection
EndGlobal
